// !$*UTF8*$!
{
	archiveVersion = 1;
	classes = {
	};
	objectVersion = 55;
	objects = {

/* Begin PBXBuildFile section */
		5B4AF3032976F5A400ADD847 /* ReviewView.swift in Sources */ = {isa = PBXBuildFile; fileRef = 5B4AF3022976F5A400ADD847 /* ReviewView.swift */; };
		5B4AF3052976FB6500ADD847 /* ActorsView.swift in Sources */ = {isa = PBXBuildFile; fileRef = 5B4AF3042976FB6500ADD847 /* ActorsView.swift */; };
		5B4AF3072976FC1C00ADD847 /* AddReviewView.swift in Sources */ = {isa = PBXBuildFile; fileRef = 5B4AF3062976FC1C00ADD847 /* AddReviewView.swift */; };
		643AAF26297722740015BC95 /* MovieAppModel.xcdatamodeld in Sources */ = {isa = PBXBuildFile; fileRef = 643AAF24297722740015BC95 /* MovieAppModel.xcdatamodeld */; };
		643AAF29297724700015BC95 /* CoreDataManager.swift in Sources */ = {isa = PBXBuildFile; fileRef = 643AAF28297724700015BC95 /* CoreDataManager.swift */; };
		64BD87B7296F284A00121784 /* MovieReviewApp.swift in Sources */ = {isa = PBXBuildFile; fileRef = 64BD87B6296F284A00121784 /* MovieReviewApp.swift */; };
		64BD87B9296F284A00121784 /* ContentView.swift in Sources */ = {isa = PBXBuildFile; fileRef = 64BD87B8296F284A00121784 /* ContentView.swift */; };
		64BD87BB296F284D00121784 /* Assets.xcassets in Resources */ = {isa = PBXBuildFile; fileRef = 64BD87BA296F284D00121784 /* Assets.xcassets */; };
		64BD87BE296F284D00121784 /* Preview Assets.xcassets in Resources */ = {isa = PBXBuildFile; fileRef = 64BD87BD296F284D00121784 /* Preview Assets.xcassets */; };
		64BD87C7296F411300121784 /* UIGuide in Resources */ = {isa = PBXBuildFile; fileRef = 64BD87C6296F411300121784 /* UIGuide */; };
		64DB93DE29704279006C4FFD /* MovieCell.swift in Sources */ = {isa = PBXBuildFile; fileRef = 64DB93DD29704279006C4FFD /* MovieCell.swift */; };
		64DB93E0297044ED006C4FFD /* AddMovieView.swift in Sources */ = {isa = PBXBuildFile; fileRef = 64DB93DF297044ED006C4FFD /* AddMovieView.swift */; };
		64DB93E229707B04006C4FFD /* MovieDetailView.swift in Sources */ = {isa = PBXBuildFile; fileRef = 64DB93E129707B04006C4FFD /* MovieDetailView.swift */; };
/* End PBXBuildFile section */

/* Begin PBXFileReference section */
		5B4AF3022976F5A400ADD847 /* ReviewView.swift */ = {isa = PBXFileReference; lastKnownFileType = sourcecode.swift; path = ReviewView.swift; sourceTree = "<group>"; };
		5B4AF3042976FB6500ADD847 /* ActorsView.swift */ = {isa = PBXFileReference; lastKnownFileType = sourcecode.swift; path = ActorsView.swift; sourceTree = "<group>"; };
		5B4AF3062976FC1C00ADD847 /* AddReviewView.swift */ = {isa = PBXFileReference; lastKnownFileType = sourcecode.swift; path = AddReviewView.swift; sourceTree = "<group>"; };
		643AAF25297722740015BC95 /* MovieAppModel.xcdatamodel */ = {isa = PBXFileReference; lastKnownFileType = wrapper.xcdatamodel; path = MovieAppModel.xcdatamodel; sourceTree = "<group>"; };
		643AAF28297724700015BC95 /* CoreDataManager.swift */ = {isa = PBXFileReference; lastKnownFileType = sourcecode.swift; path = CoreDataManager.swift; sourceTree = "<group>"; };
		64BD87B3296F284A00121784 /* MovieReview.app */ = {isa = PBXFileReference; explicitFileType = wrapper.application; includeInIndex = 0; path = MovieReview.app; sourceTree = BUILT_PRODUCTS_DIR; };
		64BD87B6296F284A00121784 /* MovieReviewApp.swift */ = {isa = PBXFileReference; lastKnownFileType = sourcecode.swift; path = MovieReviewApp.swift; sourceTree = "<group>"; };
		64BD87B8296F284A00121784 /* ContentView.swift */ = {isa = PBXFileReference; lastKnownFileType = sourcecode.swift; path = ContentView.swift; sourceTree = "<group>"; };
		64BD87BA296F284D00121784 /* Assets.xcassets */ = {isa = PBXFileReference; lastKnownFileType = folder.assetcatalog; path = Assets.xcassets; sourceTree = "<group>"; };
		64BD87BD296F284D00121784 /* Preview Assets.xcassets */ = {isa = PBXFileReference; lastKnownFileType = folder.assetcatalog; path = "Preview Assets.xcassets"; sourceTree = "<group>"; };
		64BD87C6296F411300121784 /* UIGuide */ = {isa = PBXFileReference; lastKnownFileType = folder; path = UIGuide; sourceTree = "<group>"; };
		64DB93DD29704279006C4FFD /* MovieCell.swift */ = {isa = PBXFileReference; lastKnownFileType = sourcecode.swift; path = MovieCell.swift; sourceTree = "<group>"; };
		64DB93DF297044ED006C4FFD /* AddMovieView.swift */ = {isa = PBXFileReference; lastKnownFileType = sourcecode.swift; path = AddMovieView.swift; sourceTree = "<group>"; };
		64DB93E129707B04006C4FFD /* MovieDetailView.swift */ = {isa = PBXFileReference; lastKnownFileType = sourcecode.swift; path = MovieDetailView.swift; sourceTree = "<group>"; };
/* End PBXFileReference section */

/* Begin PBXFrameworksBuildPhase section */
		64BD87B0296F284A00121784 /* Frameworks */ = {
			isa = PBXFrameworksBuildPhase;
			buildActionMask = 2147483647;
			files = (
			);
			runOnlyForDeploymentPostprocessing = 0;
		};
/* End PBXFrameworksBuildPhase section */

/* Begin PBXGroup section */
		643AAF272977244C0015BC95 /* Managers */ = {
			isa = PBXGroup;
			children = (
				643AAF28297724700015BC95 /* CoreDataManager.swift */,
			);
			path = Managers;
			sourceTree = "<group>";
		};
		64BD87AA296F284A00121784 = {
			isa = PBXGroup;
			children = (
				64BD87C6296F411300121784 /* UIGuide */,
				64BD87B5296F284A00121784 /* MovieReview */,
				64BD87B4296F284A00121784 /* Products */,
			);
			sourceTree = "<group>";
		};
		64BD87B4296F284A00121784 /* Products */ = {
			isa = PBXGroup;
			children = (
				64BD87B3296F284A00121784 /* MovieReview.app */,
			);
			name = Products;
			sourceTree = "<group>";
		};
		64BD87B5296F284A00121784 /* MovieReview */ = {
			isa = PBXGroup;
			children = (
				643AAF272977244C0015BC95 /* Managers */,
				64DB93DC29704262006C4FFD /* Views */,
				64BD87B6296F284A00121784 /* MovieReviewApp.swift */,
				64BD87B8296F284A00121784 /* ContentView.swift */,
				64BD87BA296F284D00121784 /* Assets.xcassets */,
				64BD87BC296F284D00121784 /* Preview Content */,
				643AAF24297722740015BC95 /* MovieAppModel.xcdatamodeld */,
			);
			path = MovieReview;
			sourceTree = "<group>";
		};
		64BD87BC296F284D00121784 /* Preview Content */ = {
			isa = PBXGroup;
			children = (
				64BD87BD296F284D00121784 /* Preview Assets.xcassets */,
			);
			path = "Preview Content";
			sourceTree = "<group>";
		};
		64DB93DC29704262006C4FFD /* Views */ = {
			isa = PBXGroup;
			children = (
				64DB93DD29704279006C4FFD /* MovieCell.swift */,
				64DB93DF297044ED006C4FFD /* AddMovieView.swift */,
				64DB93E129707B04006C4FFD /* MovieDetailView.swift */,
				5B4AF3022976F5A400ADD847 /* ReviewView.swift */,
				5B4AF3042976FB6500ADD847 /* ActorsView.swift */,
				5B4AF3062976FC1C00ADD847 /* AddReviewView.swift */,
			);
			path = Views;
			sourceTree = "<group>";
		};
/* End PBXGroup section */

/* Begin PBXNativeTarget section */
		64BD87B2296F284A00121784 /* MovieReview */ = {
			isa = PBXNativeTarget;
			buildConfigurationList = 64BD87C1296F284D00121784 /* Build configuration list for PBXNativeTarget "MovieReview" */;
			buildPhases = (
				64BD87AF296F284A00121784 /* Sources */,
				64BD87B0296F284A00121784 /* Frameworks */,
				64BD87B1296F284A00121784 /* Resources */,
			);
			buildRules = (
			);
			dependencies = (
			);
			name = MovieReview;
			productName = MovieReview;
			productReference = 64BD87B3296F284A00121784 /* MovieReview.app */;
			productType = "com.apple.product-type.application";
		};
/* End PBXNativeTarget section */

/* Begin PBXProject section */
		64BD87AB296F284A00121784 /* Project object */ = {
			isa = PBXProject;
			attributes = {
				BuildIndependentTargetsInParallel = 1;
				LastSwiftUpdateCheck = 1310;
				LastUpgradeCheck = 1310;
				TargetAttributes = {
					64BD87B2296F284A00121784 = {
						CreatedOnToolsVersion = 13.1;
					};
				};
			};
			buildConfigurationList = 64BD87AE296F284A00121784 /* Build configuration list for PBXProject "MovieReview" */;
			compatibilityVersion = "Xcode 13.0";
			developmentRegion = en;
			hasScannedForEncodings = 0;
			knownRegions = (
				en,
				Base,
			);
			mainGroup = 64BD87AA296F284A00121784;
			productRefGroup = 64BD87B4296F284A00121784 /* Products */;
			projectDirPath = "";
			projectRoot = "";
			targets = (
				64BD87B2296F284A00121784 /* MovieReview */,
			);
		};
/* End PBXProject section */

/* Begin PBXResourcesBuildPhase section */
		64BD87B1296F284A00121784 /* Resources */ = {
			isa = PBXResourcesBuildPhase;
			buildActionMask = 2147483647;
			files = (
				64BD87C7296F411300121784 /* UIGuide in Resources */,
				64BD87BE296F284D00121784 /* Preview Assets.xcassets in Resources */,
				64BD87BB296F284D00121784 /* Assets.xcassets in Resources */,
			);
			runOnlyForDeploymentPostprocessing = 0;
		};
/* End PBXResourcesBuildPhase section */

/* Begin PBXSourcesBuildPhase section */
		64BD87AF296F284A00121784 /* Sources */ = {
			isa = PBXSourcesBuildPhase;
			buildActionMask = 2147483647;
			files = (
				643AAF26297722740015BC95 /* MovieAppModel.xcdatamodeld in Sources */,
				64DB93E229707B04006C4FFD /* MovieDetailView.swift in Sources */,
				64BD87B9296F284A00121784 /* ContentView.swift in Sources */,
				64DB93E0297044ED006C4FFD /* AddMovieView.swift in Sources */,
				5B4AF3052976FB6500ADD847 /* ActorsView.swift in Sources */,
				5B4AF3072976FC1C00ADD847 /* AddReviewView.swift in Sources */,
				64BD87B7296F284A00121784 /* MovieReviewApp.swift in Sources */,
				5B4AF3032976F5A400ADD847 /* ReviewView.swift in Sources */,
				643AAF29297724700015BC95 /* CoreDataManager.swift in Sources */,
				64DB93DE29704279006C4FFD /* MovieCell.swift in Sources */,
			);
			runOnlyForDeploymentPostprocessing = 0;
		};
/* End PBXSourcesBuildPhase section */

/* Begin XCBuildConfiguration section */
		64BD87BF296F284D00121784 /* Debug */ = {
			isa = XCBuildConfiguration;
			buildSettings = {
				ALWAYS_SEARCH_USER_PATHS = NO;
				CLANG_ANALYZER_NONNULL = YES;
				CLANG_ANALYZER_NUMBER_OBJECT_CONVERSION = YES_AGGRESSIVE;
				CLANG_CXX_LANGUAGE_STANDARD = "gnu++17";
				CLANG_CXX_LIBRARY = "libc++";
				CLANG_ENABLE_MODULES = YES;
				CLANG_ENABLE_OBJC_ARC = YES;
				CLANG_ENABLE_OBJC_WEAK = YES;
				CLANG_WARN_BLOCK_CAPTURE_AUTORELEASING = YES;
				CLANG_WARN_BOOL_CONVERSION = YES;
				CLANG_WARN_COMMA = YES;
				CLANG_WARN_CONSTANT_CONVERSION = YES;
				CLANG_WARN_DEPRECATED_OBJC_IMPLEMENTATIONS = YES;
				CLANG_WARN_DIRECT_OBJC_ISA_USAGE = YES_ERROR;
				CLANG_WARN_DOCUMENTATION_COMMENTS = YES;
				CLANG_WARN_EMPTY_BODY = YES;
				CLANG_WARN_ENUM_CONVERSION = YES;
				CLANG_WARN_INFINITE_RECURSION = YES;
				CLANG_WARN_INT_CONVERSION = YES;
				CLANG_WARN_NON_LITERAL_NULL_CONVERSION = YES;
				CLANG_WARN_OBJC_IMPLICIT_RETAIN_SELF = YES;
				CLANG_WARN_OBJC_LITERAL_CONVERSION = YES;
				CLANG_WARN_OBJC_ROOT_CLASS = YES_ERROR;
				CLANG_WARN_QUOTED_INCLUDE_IN_FRAMEWORK_HEADER = YES;
				CLANG_WARN_RANGE_LOOP_ANALYSIS = YES;
				CLANG_WARN_STRICT_PROTOTYPES = YES;
				CLANG_WARN_SUSPICIOUS_MOVE = YES;
				CLANG_WARN_UNGUARDED_AVAILABILITY = YES_AGGRESSIVE;
				CLANG_WARN_UNREACHABLE_CODE = YES;
				CLANG_WARN__DUPLICATE_METHOD_MATCH = YES;
				COPY_PHASE_STRIP = NO;
				DEBUG_INFORMATION_FORMAT = dwarf;
				ENABLE_STRICT_OBJC_MSGSEND = YES;
				ENABLE_TESTABILITY = YES;
				GCC_C_LANGUAGE_STANDARD = gnu11;
				GCC_DYNAMIC_NO_PIC = NO;
				GCC_NO_COMMON_BLOCKS = YES;
				GCC_OPTIMIZATION_LEVEL = 0;
				GCC_PREPROCESSOR_DEFINITIONS = (
					"DEBUG=1",
					"$(inherited)",
				);
				GCC_WARN_64_TO_32_BIT_CONVERSION = YES;
				GCC_WARN_ABOUT_RETURN_TYPE = YES_ERROR;
				GCC_WARN_UNDECLARED_SELECTOR = YES;
				GCC_WARN_UNINITIALIZED_AUTOS = YES_AGGRESSIVE;
				GCC_WARN_UNUSED_FUNCTION = YES;
				GCC_WARN_UNUSED_VARIABLE = YES;
				IPHONEOS_DEPLOYMENT_TARGET = 15.0;
				MTL_ENABLE_DEBUG_INFO = INCLUDE_SOURCE;
				MTL_FAST_MATH = YES;
				ONLY_ACTIVE_ARCH = YES;
				SDKROOT = iphoneos;
				SWIFT_ACTIVE_COMPILATION_CONDITIONS = DEBUG;
				SWIFT_OPTIMIZATION_LEVEL = "-Onone";
			};
			name = Debug;
		};
		64BD87C0296F284D00121784 /* Release */ = {
			isa = XCBuildConfiguration;
			buildSettings = {
				ALWAYS_SEARCH_USER_PATHS = NO;
				CLANG_ANALYZER_NONNULL = YES;
				CLANG_ANALYZER_NUMBER_OBJECT_CONVERSION = YES_AGGRESSIVE;
				CLANG_CXX_LANGUAGE_STANDARD = "gnu++17";
				CLANG_CXX_LIBRARY = "libc++";
				CLANG_ENABLE_MODULES = YES;
				CLANG_ENABLE_OBJC_ARC = YES;
				CLANG_ENABLE_OBJC_WEAK = YES;
				CLANG_WARN_BLOCK_CAPTURE_AUTORELEASING = YES;
				CLANG_WARN_BOOL_CONVERSION = YES;
				CLANG_WARN_COMMA = YES;
				CLANG_WARN_CONSTANT_CONVERSION = YES;
				CLANG_WARN_DEPRECATED_OBJC_IMPLEMENTATIONS = YES;
				CLANG_WARN_DIRECT_OBJC_ISA_USAGE = YES_ERROR;
				CLANG_WARN_DOCUMENTATION_COMMENTS = YES;
				CLANG_WARN_EMPTY_BODY = YES;
				CLANG_WARN_ENUM_CONVERSION = YES;
				CLANG_WARN_INFINITE_RECURSION = YES;
				CLANG_WARN_INT_CONVERSION = YES;
				CLANG_WARN_NON_LITERAL_NULL_CONVERSION = YES;
				CLANG_WARN_OBJC_IMPLICIT_RETAIN_SELF = YES;
				CLANG_WARN_OBJC_LITERAL_CONVERSION = YES;
				CLANG_WARN_OBJC_ROOT_CLASS = YES_ERROR;
				CLANG_WARN_QUOTED_INCLUDE_IN_FRAMEWORK_HEADER = YES;
				CLANG_WARN_RANGE_LOOP_ANALYSIS = YES;
				CLANG_WARN_STRICT_PROTOTYPES = YES;
				CLANG_WARN_SUSPICIOUS_MOVE = YES;
				CLANG_WARN_UNGUARDED_AVAILABILITY = YES_AGGRESSIVE;
				CLANG_WARN_UNREACHABLE_CODE = YES;
				CLANG_WARN__DUPLICATE_METHOD_MATCH = YES;
				COPY_PHASE_STRIP = NO;
				DEBUG_INFORMATION_FORMAT = "dwarf-with-dsym";
				ENABLE_NS_ASSERTIONS = NO;
				ENABLE_STRICT_OBJC_MSGSEND = YES;
				GCC_C_LANGUAGE_STANDARD = gnu11;
				GCC_NO_COMMON_BLOCKS = YES;
				GCC_WARN_64_TO_32_BIT_CONVERSION = YES;
				GCC_WARN_ABOUT_RETURN_TYPE = YES_ERROR;
				GCC_WARN_UNDECLARED_SELECTOR = YES;
				GCC_WARN_UNINITIALIZED_AUTOS = YES_AGGRESSIVE;
				GCC_WARN_UNUSED_FUNCTION = YES;
				GCC_WARN_UNUSED_VARIABLE = YES;
				IPHONEOS_DEPLOYMENT_TARGET = 15.0;
				MTL_ENABLE_DEBUG_INFO = NO;
				MTL_FAST_MATH = YES;
				SDKROOT = iphoneos;
				SWIFT_COMPILATION_MODE = wholemodule;
				SWIFT_OPTIMIZATION_LEVEL = "-O";
				VALIDATE_PRODUCT = YES;
			};
			name = Release;
		};
		64BD87C2296F284D00121784 /* Debug */ = {
			isa = XCBuildConfiguration;
			buildSettings = {
				ASSETCATALOG_COMPILER_APPICON_NAME = AppIcon;
				ASSETCATALOG_COMPILER_GLOBAL_ACCENT_COLOR_NAME = AccentColor;
				CODE_SIGN_STYLE = Automatic;
				CURRENT_PROJECT_VERSION = 1;
				DEVELOPMENT_ASSET_PATHS = "\"MovieReview/Preview Content\"";
				DEVELOPMENT_TEAM = 4AR488G66N;
				ENABLE_PREVIEWS = YES;
				GENERATE_INFOPLIST_FILE = YES;
				INFOPLIST_KEY_UIApplicationSceneManifest_Generation = YES;
				INFOPLIST_KEY_UIApplicationSupportsIndirectInputEvents = YES;
				INFOPLIST_KEY_UILaunchScreen_Generation = YES;
				INFOPLIST_KEY_UISupportedInterfaceOrientations_iPad = "UIInterfaceOrientationPortrait UIInterfaceOrientationPortraitUpsideDown UIInterfaceOrientationLandscapeLeft UIInterfaceOrientationLandscapeRight";
				INFOPLIST_KEY_UISupportedInterfaceOrientations_iPhone = "UIInterfaceOrientationPortrait UIInterfaceOrientationLandscapeLeft UIInterfaceOrientationLandscapeRight";
				LD_RUNPATH_SEARCH_PATHS = (
					"$(inherited)",
					"@executable_path/Frameworks",
				);
				MARKETING_VERSION = 1.0;
				PRODUCT_BUNDLE_IDENTIFIER = hasib.org.MovieReview;
				PRODUCT_NAME = "$(TARGET_NAME)";
				SWIFT_EMIT_LOC_STRINGS = YES;
				SWIFT_VERSION = 5.0;
				TARGETED_DEVICE_FAMILY = "1,2";
			};
			name = Debug;
		};
		64BD87C3296F284D00121784 /* Release */ = {
			isa = XCBuildConfiguration;
			buildSettings = {
				ASSETCATALOG_COMPILER_APPICON_NAME = AppIcon;
				ASSETCATALOG_COMPILER_GLOBAL_ACCENT_COLOR_NAME = AccentColor;
				CODE_SIGN_STYLE = Automatic;
				CURRENT_PROJECT_VERSION = 1;
				DEVELOPMENT_ASSET_PATHS = "\"MovieReview/Preview Content\"";
				DEVELOPMENT_TEAM = 4AR488G66N;
				ENABLE_PREVIEWS = YES;
				GENERATE_INFOPLIST_FILE = YES;
				INFOPLIST_KEY_UIApplicationSceneManifest_Generation = YES;
				INFOPLIST_KEY_UIApplicationSupportsIndirectInputEvents = YES;
				INFOPLIST_KEY_UILaunchScreen_Generation = YES;
				INFOPLIST_KEY_UISupportedInterfaceOrientations_iPad = "UIInterfaceOrientationPortrait UIInterfaceOrientationPortraitUpsideDown UIInterfaceOrientationLandscapeLeft UIInterfaceOrientationLandscapeRight";
				INFOPLIST_KEY_UISupportedInterfaceOrientations_iPhone = "UIInterfaceOrientationPortrait UIInterfaceOrientationLandscapeLeft UIInterfaceOrientationLandscapeRight";
				LD_RUNPATH_SEARCH_PATHS = (
					"$(inherited)",
					"@executable_path/Frameworks",
				);
				MARKETING_VERSION = 1.0;
				PRODUCT_BUNDLE_IDENTIFIER = hasib.org.MovieReview;
				PRODUCT_NAME = "$(TARGET_NAME)";
				SWIFT_EMIT_LOC_STRINGS = YES;
				SWIFT_VERSION = 5.0;
				TARGETED_DEVICE_FAMILY = "1,2";
			};
			name = Release;
		};
/* End XCBuildConfiguration section */

/* Begin XCConfigurationList section */
		64BD87AE296F284A00121784 /* Build configuration list for PBXProject "MovieReview" */ = {
			isa = XCConfigurationList;
			buildConfigurations = (
				64BD87BF296F284D00121784 /* Debug */,
				64BD87C0296F284D00121784 /* Release */,
			);
			defaultConfigurationIsVisible = 0;
			defaultConfigurationName = Release;
		};
		64BD87C1296F284D00121784 /* Build configuration list for PBXNativeTarget "MovieReview" */ = {
			isa = XCConfigurationList;
			buildConfigurations = (
				64BD87C2296F284D00121784 /* Debug */,
				64BD87C3296F284D00121784 /* Release */,
			);
			defaultConfigurationIsVisible = 0;
			defaultConfigurationName = Release;
		};
/* End XCConfigurationList section */

/* Begin XCVersionGroup section */
		643AAF24297722740015BC95 /* MovieAppModel.xcdatamodeld */ = {
			isa = XCVersionGroup;
			children = (
				643AAF25297722740015BC95 /* MovieAppModel.xcdatamodel */,
			);
			currentVersion = 643AAF25297722740015BC95 /* MovieAppModel.xcdatamodel */;
			path = MovieAppModel.xcdatamodeld;
			sourceTree = "<group>";
			versionGroupType = wrapper.xcdatamodel;
		};
/* End XCVersionGroup section */
	};
	rootObject = 64BD87AB296F284A00121784 /* Project object */;
}
